
Microsoft Visual Studio Solution File, Format Version 12.00
Project("{FAE04EC0-301F-11D3-BF4B-00C04F79EFBC}") = "RedisCacheSample.Api", "RedisCacheSample.Api\RedisCacheSample.Api.csproj", "{152F34BE-3149-4A69-BEE0-875964E6E5F1}"
EndProject
Global
	GlobalSection(SolutionConfigurationPlatforms) = preSolution
		Debug|Any CPU = Debug|Any CPU
		Release|Any CPU = Release|Any CPU
	EndGlobalSection
	GlobalSection(ProjectConfigurationPlatforms) = postSolution
		{152F34BE-3149-4A69-BEE0-875964E6E5F1}.Debug|Any CPU.ActiveCfg = Debug|Any CPU
		{152F34BE-3149-4A69-BEE0-875964E6E5F1}.Debug|Any CPU.Build.0 = Debug|Any CPU
		{152F34BE-3149-4A69-BEE0-875964E6E5F1}.Release|Any CPU.ActiveCfg = Release|Any CPU
		{152F34BE-3149-4A69-BEE0-875964E6E5F1}.Release|Any CPU.Build.0 = Release|Any CPU
	EndGlobalSection
EndGlobal
